
Microsoft Visual Studio Solution File, Format Version 11.00
# Visual Studio 2010
Project("{FAE04EC0-301F-11D3-BF4B-00C04F79EFBC}") = "Assembly-CSharp", "Assembly-CSharp.csproj", "{881BDE43-1E4F-02BC-D340-FB99E99006DD}"
EndProject
Project("{FAE04EC0-301F-11D3-BF4B-00C04F79EFBC}") = "Assembly-CSharp-firstpass", "Assembly-CSharp-firstpass.csproj", "{01563C7A-9620-1936-69C4-42F9189B69FE}"
EndProject
Project("{FAE04EC0-301F-11D3-BF4B-00C04F79EFBC}") = "Assembly-CSharp-Editor", "Assembly-CSharp-Editor.csproj", "{26B73E52-479E-A0FD-B8CE-EBB97C4704F8}"
EndProject
Project("{FAE04EC0-301F-11D3-BF4B-00C04F79EFBC}") = "Assembly-CSharp-Editor-firstpass", "Assembly-CSharp-Editor-firstpass.csproj", "{23A16614-B202-4E9B-6E30-24F9F78AA35C}"
EndProject
Global
	GlobalSection(SolutionConfigurationPlatforms) = preSolution
		Debug|Any CPU = Debug|Any CPU
		Release|Any CPU = Release|Any CPU
	EndGlobalSection
	GlobalSection(ProjectConfigurationPlatforms) = postSolution
		{881BDE43-1E4F-02BC-D340-FB99E99006DD}.Debug|Any CPU.ActiveCfg = Debug|Any CPU
		{881BDE43-1E4F-02BC-D340-FB99E99006DD}.Debug|Any CPU.Build.0 = Debug|Any CPU
		{881BDE43-1E4F-02BC-D340-FB99E99006DD}.Release|Any CPU.ActiveCfg = Release|Any CPU
		{881BDE43-1E4F-02BC-D340-FB99E99006DD}.Release|Any CPU.Build.0 = Release|Any CPU
		{01563C7A-9620-1936-69C4-42F9189B69FE}.Debug|Any CPU.ActiveCfg = Debug|Any CPU
		{01563C7A-9620-1936-69C4-42F9189B69FE}.Debug|Any CPU.Build.0 = Debug|Any CPU
		{01563C7A-9620-1936-69C4-42F9189B69FE}.Release|Any CPU.ActiveCfg = Release|Any CPU
		{01563C7A-9620-1936-69C4-42F9189B69FE}.Release|Any CPU.Build.0 = Release|Any CPU
		{26B73E52-479E-A0FD-B8CE-EBB97C4704F8}.Debug|Any CPU.ActiveCfg = Debug|Any CPU
		{26B73E52-479E-A0FD-B8CE-EBB97C4704F8}.Debug|Any CPU.Build.0 = Debug|Any CPU
		{26B73E52-479E-A0FD-B8CE-EBB97C4704F8}.Release|Any CPU.ActiveCfg = Release|Any CPU
		{26B73E52-479E-A0FD-B8CE-EBB97C4704F8}.Release|Any CPU.Build.0 = Release|Any CPU
		{23A16614-B202-4E9B-6E30-24F9F78AA35C}.Debug|Any CPU.ActiveCfg = Debug|Any CPU
		{23A16614-B202-4E9B-6E30-24F9F78AA35C}.Debug|Any CPU.Build.0 = Debug|Any CPU
		{23A16614-B202-4E9B-6E30-24F9F78AA35C}.Release|Any CPU.ActiveCfg = Release|Any CPU
		{23A16614-B202-4E9B-6E30-24F9F78AA35C}.Release|Any CPU.Build.0 = Release|Any CPU
	EndGlobalSection
	GlobalSection(SolutionProperties) = preSolution
		HideSolutionNode = FALSE
	EndGlobalSection
EndGlobal
